NeoBundleLock jellybeans.vim f931895c20681684278aef2ffd810730b9c36ec3
NeoBundleLock landscape.vim 8a1b82f6c416f6d7b525b1957346bfcbe2d2318b
NeoBundleLock lightline.vim 13fb725403a7c8e46bda9409e4290764b896c4b2
NeoBundleLock neobundle.vim 20e4f40aa38fdfcf5f07334409a2928209657540
NeoBundleLock neomru.vim e72bef33c7f6af3d17c9968f9ac7bb2fda2a2bde
NeoBundleLock unite.vim 662f83d3789ecf320ddcb04f7023def3a8167802
NeoBundleLock vim-autoclose a9a3b7384657bc1f60a963fd6c08c63fc48d61c3
NeoBundleLock vim-easymotion 9f1c449edfce6d61c7f620e3a9c1389b7b7e334f
NeoBundleLock vim-endwise bba43b831ae0485cf9b86d16340a6a314b927391
NeoBundleLock vim-fugitive 21b6dd7aeec3e4bc96d7b32cd594b7818c0c4082
NeoBundleLock vim-gitgutter 339f8ba079ed7d465ca442c9032b36bc56c21f61
NeoBundleLock vimfiler 0a38f55f418a01e2133395210ada6051daa5e591
NeoBundleLock vimproc 0f68bcd93399ecbcde3eaa4efd09107314c9bdee
