NeoBundleLock html5.vim fc64e3d0de438a02dcfbe9d6fc7d73dbf721ce21
NeoBundleLock jellybeans.vim fdc7b7ecd714c9afb0a5872ae87db0b23d50ea30
NeoBundleLock lightline.vim a63a00d548fd20457a4f31d31fb9c8fe8a7ebc2a
NeoBundleLock neobundle.vim c6fa48cd665071b7a4dbf5ab53f48cd5884716ee
NeoBundleLock nerdtree e671e403dd1ec1da59f70605c73aaedb6cb0e637
NeoBundleLock syntastic 48e8b0e9d2721f608fd1d1157c9388b2626cbddf
NeoBundleLock vim-elixir 9524e66ee03a36ef1d5913c7f42c3dd9b235146e
NeoBundleLock vim-gitgutter 1c034be0d31168c8f4770ef7b69adb67d00d6f3d
NeoBundleLock vim-go b9c81562630e9dfc098d25814c16bedcfcf9ffa9
NeoBundleLock vim-go-extra e695cf986c1ee9d16449bd37228ee8c9fa796783
NeoBundleLock vim-indent-guides 018298ead9d3aa9cd3b4ae222f81022a33978b09
NeoBundleLock vim-javascript-syntax 6222b85824cb38f169d0c99cc586daa55d8ec01c
